
Microsoft Visual Studio Solution File, Format Version 12.00
# Visual Studio 15
VisualStudioVersion = 15.0.27130.2026
MinimumVisualStudioVersion = 10.0.40219.1
Project("{2150E333-8FDC-42A3-9474-1A3956D46DE8}") = "src", "src", "{CFFEECDD-7DAC-43BE-9CA4-0CDE5000DC6A}"
EndProject
Project("{2150E333-8FDC-42A3-9474-1A3956D46DE8}") = "Solution Items", "Solution Items", "{687F978B-9897-4D8F-B49F-3CDCA621E440}"
EndProject
Project("{9A19103F-16F7-4668-BE54-9A1E7A4F7556}") = "IBFSNetwork", "src\IBFSNetwork\IBFSNetwork.csproj", "{1A6158A0-3487-4737-9FE4-EA971C129DE8}"
EndProject
Global
	GlobalSection(SolutionConfigurationPlatforms) = preSolution
		Debug|Any CPU = Debug|Any CPU
		Release|Any CPU = Release|Any CPU
	EndGlobalSection
	GlobalSection(ProjectConfigurationPlatforms) = postSolution
		{1A6158A0-3487-4737-9FE4-EA971C129DE8}.Debug|Any CPU.ActiveCfg = Debug|Any CPU
		{1A6158A0-3487-4737-9FE4-EA971C129DE8}.Debug|Any CPU.Build.0 = Debug|Any CPU
		{1A6158A0-3487-4737-9FE4-EA971C129DE8}.Release|Any CPU.ActiveCfg = Release|Any CPU
		{1A6158A0-3487-4737-9FE4-EA971C129DE8}.Release|Any CPU.Build.0 = Release|Any CPU
	EndGlobalSection
	GlobalSection(SolutionProperties) = preSolution
		HideSolutionNode = FALSE
	EndGlobalSection
	GlobalSection(NestedProjects) = preSolution
		{1A6158A0-3487-4737-9FE4-EA971C129DE8} = {CFFEECDD-7DAC-43BE-9CA4-0CDE5000DC6A}
	EndGlobalSection
	GlobalSection(ExtensibilityGlobals) = postSolution
		SolutionGuid = {ACF0AB11-6C0B-4C45-9E7A-007C66574DB3}
	EndGlobalSection
EndGlobal
